
Microsoft Visual Studio Solution File, Format Version 12.00
# Visual Studio Version 16
VisualStudioVersion = 16.0.28922.388
MinimumVisualStudioVersion = 10.0.40219.1
Project("{FAE04EC0-301F-11D3-BF4B-00C04F79EFBC}") = "Carne.UWP", "Carne\Carne.UWP\Carne.UWP.csproj", "{782AFB59-D20E-4A4C-ADA0-F9E45DF51A92}"
EndProject
Project("{FAE04EC0-301F-11D3-BF4B-00C04F79EFBC}") = "Carne.Android", "Carne\Carne.Android\Carne.Android.csproj", "{D5A530B8-4213-4BBB-A964-B7FD7E821F36}"
EndProject
Project("{FAE04EC0-301F-11D3-BF4B-00C04F79EFBC}") = "Carne.iOS", "Carne\Carne.iOS\Carne.iOS.csproj", "{0181324E-9375-49FE-BB61-37F726482BCD}"
EndProject
Project("{FAE04EC0-301F-11D3-BF4B-00C04F79EFBC}") = "Carne.MobileAppService", "Carne\Carne.MobileAppService\Carne.MobileAppService.csproj", "{6643423E-0FB0-4CD7-B16C-9C474640C9BA}"
EndProject
Project("{FAE04EC0-301F-11D3-BF4B-00C04F79EFBC}") = "Carne", "Carne\Carne\Carne.csproj", "{5ADBEC0F-141A-4FAD-BC9E-85839B88C5D1}"
EndProject
Global
	GlobalSection(SolutionConfigurationPlatforms) = preSolution
		Debug|Any CPU = Debug|Any CPU
		Debug|ARM = Debug|ARM
		Debug|iPhone = Debug|iPhone
		Debug|iPhoneSimulator = Debug|iPhoneSimulator
		Debug|x64 = Debug|x64
		Debug|x86 = Debug|x86
		Release|Any CPU = Release|Any CPU
		Release|ARM = Release|ARM
		Release|iPhone = Release|iPhone
		Release|iPhoneSimulator = Release|iPhoneSimulator
		Release|x64 = Release|x64
		Release|x86 = Release|x86
	EndGlobalSection
	GlobalSection(ProjectConfigurationPlatforms) = postSolution
		{782AFB59-D20E-4A4C-ADA0-F9E45DF51A92}.Debug|Any CPU.ActiveCfg = Debug|x86
		{782AFB59-D20E-4A4C-ADA0-F9E45DF51A92}.Debug|Any CPU.Build.0 = Debug|x86
		{782AFB59-D20E-4A4C-ADA0-F9E45DF51A92}.Debug|Any CPU.Deploy.0 = Debug|x86
		{782AFB59-D20E-4A4C-ADA0-F9E45DF51A92}.Debug|ARM.ActiveCfg = Debug|ARM
		{782AFB59-D20E-4A4C-ADA0-F9E45DF51A92}.Debug|ARM.Build.0 = Debug|ARM
		{782AFB59-D20E-4A4C-ADA0-F9E45DF51A92}.Debug|ARM.Deploy.0 = Debug|ARM
		{782AFB59-D20E-4A4C-ADA0-F9E45DF51A92}.Debug|iPhone.ActiveCfg = Debug|x86
		{782AFB59-D20E-4A4C-ADA0-F9E45DF51A92}.Debug|iPhone.Build.0 = Debug|x86
		{782AFB59-D20E-4A4C-ADA0-F9E45DF51A92}.Debug|iPhone.Deploy.0 = Debug|x86
		{782AFB59-D20E-4A4C-ADA0-F9E45DF51A92}.Debug|iPhoneSimulator.ActiveCfg = Debug|x86
		{782AFB59-D20E-4A4C-ADA0-F9E45DF51A92}.Debug|iPhoneSimulator.Build.0 = Debug|x86
		{782AFB59-D20E-4A4C-ADA0-F9E45DF51A92}.Debug|iPhoneSimulator.Deploy.0 = Debug|x86
		{782AFB59-D20E-4A4C-ADA0-F9E45DF51A92}.Debug|x64.ActiveCfg = Debug|x64
		{782AFB59-D20E-4A4C-ADA0-F9E45DF51A92}.Debug|x64.Build.0 = Debug|x64
		{782AFB59-D20E-4A4C-ADA0-F9E45DF51A92}.Debug|x64.Deploy.0 = Debug|x64
		{782AFB59-D20E-4A4C-ADA0-F9E45DF51A92}.Debug|x86.ActiveCfg = Debug|x86
		{782AFB59-D20E-4A4C-ADA0-F9E45DF51A92}.Debug|x86.Build.0 = Debug|x86
		{782AFB59-D20E-4A4C-ADA0-F9E45DF51A92}.Debug|x86.Deploy.0 = Debug|x86
		{782AFB59-D20E-4A4C-ADA0-F9E45DF51A92}.Release|Any CPU.ActiveCfg = Release|x86
		{782AFB59-D20E-4A4C-ADA0-F9E45DF51A92}.Release|Any CPU.Build.0 = Release|x86
		{782AFB59-D20E-4A4C-ADA0-F9E45DF51A92}.Release|Any CPU.Deploy.0 = Release|x86
		{782AFB59-D20E-4A4C-ADA0-F9E45DF51A92}.Release|ARM.ActiveCfg = Release|ARM
		{782AFB59-D20E-4A4C-ADA0-F9E45DF51A92}.Release|ARM.Build.0 = Release|ARM
		{782AFB59-D20E-4A4C-ADA0-F9E45DF51A92}.Release|ARM.Deploy.0 = Release|ARM
		{782AFB59-D20E-4A4C-ADA0-F9E45DF51A92}.Release|iPhone.ActiveCfg = Release|x86
		{782AFB59-D20E-4A4C-ADA0-F9E45DF51A92}.Release|iPhone.Build.0 = Release|x86
		{782AFB59-D20E-4A4C-ADA0-F9E45DF51A92}.Release|iPhone.Deploy.0 = Release|x86
		{782AFB59-D20E-4A4C-ADA0-F9E45DF51A92}.Release|iPhoneSimulator.ActiveCfg = Release|x86
		{782AFB59-D20E-4A4C-ADA0-F9E45DF51A92}.Release|iPhoneSimulator.Build.0 = Release|x86
		{782AFB59-D20E-4A4C-ADA0-F9E45DF51A92}.Release|iPhoneSimulator.Deploy.0 = Release|x86
		{782AFB59-D20E-4A4C-ADA0-F9E45DF51A92}.Release|x64.ActiveCfg = Release|x64
		{782AFB59-D20E-4A4C-ADA0-F9E45DF51A92}.Release|x64.Build.0 = Release|x64
		{782AFB59-D20E-4A4C-ADA0-F9E45DF51A92}.Release|x64.Deploy.0 = Release|x64
		{782AFB59-D20E-4A4C-ADA0-F9E45DF51A92}.Release|x86.ActiveCfg = Release|x86
		{782AFB59-D20E-4A4C-ADA0-F9E45DF51A92}.Release|x86.Build.0 = Release|x86
		{782AFB59-D20E-4A4C-ADA0-F9E45DF51A92}.Release|x86.Deploy.0 = Release|x86
		{D5A530B8-4213-4BBB-A964-B7FD7E821F36}.Debug|Any CPU.ActiveCfg = Debug|Any CPU
		{D5A530B8-4213-4BBB-A964-B7FD7E821F36}.Debug|Any CPU.Build.0 = Debug|Any CPU
		{D5A530B8-4213-4BBB-A964-B7FD7E821F36}.Debug|Any CPU.Deploy.0 = Debug|Any CPU
		{D5A530B8-4213-4BBB-A964-B7FD7E821F36}.Debug|ARM.ActiveCfg = Debug|Any CPU
		{D5A530B8-4213-4BBB-A964-B7FD7E821F36}.Debug|ARM.Build.0 = Debug|Any CPU
		{D5A530B8-4213-4BBB-A964-B7FD7E821F36}.Debug|ARM.Deploy.0 = Debug|Any CPU
		{D5A530B8-4213-4BBB-A964-B7FD7E821F36}.Debug|iPhone.ActiveCfg = Debug|Any CPU
		{D5A530B8-4213-4BBB-A964-B7FD7E821F36}.Debug|iPhone.Build.0 = Debug|Any CPU
		{D5A530B8-4213-4BBB-A964-B7FD7E821F36}.Debug|iPhone.Deploy.0 = Debug|Any CPU
		{D5A530B8-4213-4BBB-A964-B7FD7E821F36}.Debug|iPhoneSimulator.ActiveCfg = Debug|Any CPU
		{D5A530B8-4213-4BBB-A964-B7FD7E821F36}.Debug|iPhoneSimulator.Build.0 = Debug|Any CPU
		{D5A530B8-4213-4BBB-A964-B7FD7E821F36}.Debug|iPhoneSimulator.Deploy.0 = Debug|Any CPU
		{D5A530B8-4213-4BBB-A964-B7FD7E821F36}.Debug|x64.ActiveCfg = Debug|Any CPU
		{D5A530B8-4213-4BBB-A964-B7FD7E821F36}.Debug|x64.Build.0 = Debug|Any CPU
		{D5A530B8-4213-4BBB-A964-B7FD7E821F36}.Debug|x64.Deploy.0 = Debug|Any CPU
		{D5A530B8-4213-4BBB-A964-B7FD7E821F36}.Debug|x86.ActiveCfg = Debug|Any CPU
		{D5A530B8-4213-4BBB-A964-B7FD7E821F36}.Debug|x86.Build.0 = Debug|Any CPU
		{D5A530B8-4213-4BBB-A964-B7FD7E821F36}.Debug|x86.Deploy.0 = Debug|Any CPU
		{D5A530B8-4213-4BBB-A964-B7FD7E821F36}.Release|Any CPU.ActiveCfg = Release|Any CPU
		{D5A530B8-4213-4BBB-A964-B7FD7E821F36}.Release|Any CPU.Build.0 = Release|Any CPU
		{D5A530B8-4213-4BBB-A964-B7FD7E821F36}.Release|Any CPU.Deploy.0 = Release|Any CPU
		{D5A530B8-4213-4BBB-A964-B7FD7E821F36}.Release|ARM.ActiveCfg = Release|Any CPU
		{D5A530B8-4213-4BBB-A964-B7FD7E821F36}.Release|ARM.Build.0 = Release|Any CPU
		{D5A530B8-4213-4BBB-A964-B7FD7E821F36}.Release|ARM.Deploy.0 = Release|Any CPU
		{D5A530B8-4213-4BBB-A964-B7FD7E821F36}.Release|iPhone.ActiveCfg = Release|Any CPU
		{D5A530B8-4213-4BBB-A964-B7FD7E821F36}.Release|iPhone.Build.0 = Release|Any CPU
		{D5A530B8-4213-4BBB-A964-B7FD7E821F36}.Release|iPhone.Deploy.0 = Release|Any CPU
		{D5A530B8-4213-4BBB-A964-B7FD7E821F36}.Release|iPhoneSimulator.ActiveCfg = Release|Any CPU
		{D5A530B8-4213-4BBB-A964-B7FD7E821F36}.Release|iPhoneSimulator.Build.0 = Release|Any CPU
		{D5A530B8-4213-4BBB-A964-B7FD7E821F36}.Release|iPhoneSimulator.Deploy.0 = Release|Any CPU
		{D5A530B8-4213-4BBB-A964-B7FD7E821F36}.Release|x64.ActiveCfg = Release|Any CPU
		{D5A530B8-4213-4BBB-A964-B7FD7E821F36}.Release|x64.Build.0 = Release|Any CPU
		{D5A530B8-4213-4BBB-A964-B7FD7E821F36}.Release|x64.Deploy.0 = Release|Any CPU
		{D5A530B8-4213-4BBB-A964-B7FD7E821F36}.Release|x86.ActiveCfg = Release|Any CPU
		{D5A530B8-4213-4BBB-A964-B7FD7E821F36}.Release|x86.Build.0 = Release|Any CPU
		{D5A530B8-4213-4BBB-A964-B7FD7E821F36}.Release|x86.Deploy.0 = Release|Any CPU
		{0181324E-9375-49FE-BB61-37F726482BCD}.Debug|Any CPU.ActiveCfg = Debug|iPhone
		{0181324E-9375-49FE-BB61-37F726482BCD}.Debug|Any CPU.Build.0 = Debug|iPhone
		{0181324E-9375-49FE-BB61-37F726482BCD}.Debug|Any CPU.Deploy.0 = Debug|iPhone
		{0181324E-9375-49FE-BB61-37F726482BCD}.Debug|ARM.ActiveCfg = Debug|iPhoneSimulator
		{0181324E-9375-49FE-BB61-37F726482BCD}.Debug|ARM.Build.0 = Debug|iPhoneSimulator
		{0181324E-9375-49FE-BB61-37F726482BCD}.Debug|ARM.Deploy.0 = Debug|iPhoneSimulator
		{0181324E-9375-49FE-BB61-37F726482BCD}.Debug|iPhone.ActiveCfg = Debug|iPhone
		{0181324E-9375-49FE-BB61-37F726482BCD}.Debug|iPhone.Build.0 = Debug|iPhone
		{0181324E-9375-49FE-BB61-37F726482BCD}.Debug|iPhone.Deploy.0 = Debug|iPhone
		{0181324E-9375-49FE-BB61-37F726482BCD}.Debug|iPhoneSimulator.ActiveCfg = Debug|iPhoneSimulator
		{0181324E-9375-49FE-BB61-37F726482BCD}.Debug|iPhoneSimulator.Build.0 = Debug|iPhoneSimulator
		{0181324E-9375-49FE-BB61-37F726482BCD}.Debug|iPhoneSimulator.Deploy.0 = Debug|iPhoneSimulator
		{0181324E-9375-49FE-BB61-37F726482BCD}.Debug|x64.ActiveCfg = Debug|iPhone
		{0181324E-9375-49FE-BB61-37F726482BCD}.Debug|x64.Build.0 = Debug|iPhone
		{0181324E-9375-49FE-BB61-37F726482BCD}.Debug|x64.Deploy.0 = Debug|iPhone
		{0181324E-9375-49FE-BB61-37F726482BCD}.Debug|x86.ActiveCfg = Debug|iPhone
		{0181324E-9375-49FE-BB61-37F726482BCD}.Debug|x86.Build.0 = Debug|iPhone
		{0181324E-9375-49FE-BB61-37F726482BCD}.Debug|x86.Deploy.0 = Debug|iPhone
		{0181324E-9375-49FE-BB61-37F726482BCD}.Release|Any CPU.ActiveCfg = Release|iPhone
		{0181324E-9375-49FE-BB61-37F726482BCD}.Release|Any CPU.Build.0 = Release|iPhone
		{0181324E-9375-49FE-BB61-37F726482BCD}.Release|Any CPU.Deploy.0 = Release|iPhone
		{0181324E-9375-49FE-BB61-37F726482BCD}.Release|ARM.ActiveCfg = Release|iPhone
		{0181324E-9375-49FE-BB61-37F726482BCD}.Release|ARM.Build.0 = Release|iPhone
		{0181324E-9375-49FE-BB61-37F726482BCD}.Release|ARM.Deploy.0 = Release|iPhone
		{0181324E-9375-49FE-BB61-37F726482BCD}.Release|iPhone.ActiveCfg = Release|iPhone
		{0181324E-9375-49FE-BB61-37F726482BCD}.Release|iPhone.Build.0 = Release|iPhone
		{0181324E-9375-49FE-BB61-37F726482BCD}.Release|iPhone.Deploy.0 = Release|iPhone
		{0181324E-9375-49FE-BB61-37F726482BCD}.Release|iPhoneSimulator.ActiveCfg = Release|iPhoneSimulator
		{0181324E-9375-49FE-BB61-37F726482BCD}.Release|iPhoneSimulator.Build.0 = Release|iPhoneSimulator
		{0181324E-9375-49FE-BB61-37F726482BCD}.Release|iPhoneSimulator.Deploy.0 = Release|iPhoneSimulator
		{0181324E-9375-49FE-BB61-37F726482BCD}.Release|x64.ActiveCfg = Release|iPhone
		{0181324E-9375-49FE-BB61-37F726482BCD}.Release|x64.Build.0 = Release|iPhone
		{0181324E-9375-49FE-BB61-37F726482BCD}.Release|x64.Deploy.0 = Release|iPhone
		{0181324E-9375-49FE-BB61-37F726482BCD}.Release|x86.ActiveCfg = Release|iPhone
		{0181324E-9375-49FE-BB61-37F726482BCD}.Release|x86.Build.0 = Release|iPhone
		{0181324E-9375-49FE-BB61-37F726482BCD}.Release|x86.Deploy.0 = Release|iPhone
		{6643423E-0FB0-4CD7-B16C-9C474640C9BA}.Debug|Any CPU.ActiveCfg = Debug|Any CPU
		{6643423E-0FB0-4CD7-B16C-9C474640C9BA}.Debug|Any CPU.Build.0 = Debug|Any CPU
		{6643423E-0FB0-4CD7-B16C-9C474640C9BA}.Debug|Any CPU.Deploy.0 = Debug|Any CPU
		{6643423E-0FB0-4CD7-B16C-9C474640C9BA}.Debug|ARM.ActiveCfg = Debug|Any CPU
		{6643423E-0FB0-4CD7-B16C-9C474640C9BA}.Debug|ARM.Build.0 = Debug|Any CPU
		{6643423E-0FB0-4CD7-B16C-9C474640C9BA}.Debug|ARM.Deploy.0 = Debug|Any CPU
		{6643423E-0FB0-4CD7-B16C-9C474640C9BA}.Debug|iPhone.ActiveCfg = Debug|Any CPU
		{6643423E-0FB0-4CD7-B16C-9C474640C9BA}.Debug|iPhone.Build.0 = Debug|Any CPU
		{6643423E-0FB0-4CD7-B16C-9C474640C9BA}.Debug|iPhone.Deploy.0 = Debug|Any CPU
		{6643423E-0FB0-4CD7-B16C-9C474640C9BA}.Debug|iPhoneSimulator.ActiveCfg = Debug|Any CPU
		{6643423E-0FB0-4CD7-B16C-9C474640C9BA}.Debug|iPhoneSimulator.Build.0 = Debug|Any CPU
		{6643423E-0FB0-4CD7-B16C-9C474640C9BA}.Debug|iPhoneSimulator.Deploy.0 = Debug|Any CPU
		{6643423E-0FB0-4CD7-B16C-9C474640C9BA}.Debug|x64.ActiveCfg = Debug|Any CPU
		{6643423E-0FB0-4CD7-B16C-9C474640C9BA}.Debug|x64.Build.0 = Debug|Any CPU
		{6643423E-0FB0-4CD7-B16C-9C474640C9BA}.Debug|x64.Deploy.0 = Debug|Any CPU
		{6643423E-0FB0-4CD7-B16C-9C474640C9BA}.Debug|x86.ActiveCfg = Debug|Any CPU
		{6643423E-0FB0-4CD7-B16C-9C474640C9BA}.Debug|x86.Build.0 = Debug|Any CPU
		{6643423E-0FB0-4CD7-B16C-9C474640C9BA}.Debug|x86.Deploy.0 = Debug|Any CPU
		{6643423E-0FB0-4CD7-B16C-9C474640C9BA}.Release|Any CPU.ActiveCfg = Release|Any CPU
		{6643423E-0FB0-4CD7-B16C-9C474640C9BA}.Release|Any CPU.Build.0 = Release|Any CPU
		{6643423E-0FB0-4CD7-B16C-9C474640C9BA}.Release|Any CPU.Deploy.0 = Release|Any CPU
		{6643423E-0FB0-4CD7-B16C-9C474640C9BA}.Release|ARM.ActiveCfg = Release|Any CPU
		{6643423E-0FB0-4CD7-B16C-9C474640C9BA}.Release|ARM.Build.0 = Release|Any CPU
		{6643423E-0FB0-4CD7-B16C-9C474640C9BA}.Release|ARM.Deploy.0 = Release|Any CPU
		{6643423E-0FB0-4CD7-B16C-9C474640C9BA}.Release|iPhone.ActiveCfg = Release|Any CPU
		{6643423E-0FB0-4CD7-B16C-9C474640C9BA}.Release|iPhone.Build.0 = Release|Any CPU
		{6643423E-0FB0-4CD7-B16C-9C474640C9BA}.Release|iPhone.Deploy.0 = Release|Any CPU
		{6643423E-0FB0-4CD7-B16C-9C474640C9BA}.Release|iPhoneSimulator.ActiveCfg = Release|Any CPU
		{6643423E-0FB0-4CD7-B16C-9C474640C9BA}.Release|iPhoneSimulator.Build.0 = Release|Any CPU
		{6643423E-0FB0-4CD7-B16C-9C474640C9BA}.Release|iPhoneSimulator.Deploy.0 = Release|Any CPU
		{6643423E-0FB0-4CD7-B16C-9C474640C9BA}.Release|x64.ActiveCfg = Release|Any CPU
		{6643423E-0FB0-4CD7-B16C-9C474640C9BA}.Release|x64.Build.0 = Release|Any CPU
		{6643423E-0FB0-4CD7-B16C-9C474640C9BA}.Release|x64.Deploy.0 = Release|Any CPU
		{6643423E-0FB0-4CD7-B16C-9C474640C9BA}.Release|x86.ActiveCfg = Release|Any CPU
		{6643423E-0FB0-4CD7-B16C-9C474640C9BA}.Release|x86.Build.0 = Release|Any CPU
		{6643423E-0FB0-4CD7-B16C-9C474640C9BA}.Release|x86.Deploy.0 = Release|Any CPU
		{5ADBEC0F-141A-4FAD-BC9E-85839B88C5D1}.Debug|Any CPU.ActiveCfg = Debug|Any CPU
		{5ADBEC0F-141A-4FAD-BC9E-85839B88C5D1}.Debug|Any CPU.Build.0 = Debug|Any CPU
		{5ADBEC0F-141A-4FAD-BC9E-85839B88C5D1}.Debug|Any CPU.Deploy.0 = Debug|Any CPU
		{5ADBEC0F-141A-4FAD-BC9E-85839B88C5D1}.Debug|ARM.ActiveCfg = Debug|Any CPU
		{5ADBEC0F-141A-4FAD-BC9E-85839B88C5D1}.Debug|ARM.Build.0 = Debug|Any CPU
		{5ADBEC0F-141A-4FAD-BC9E-85839B88C5D1}.Debug|ARM.Deploy.0 = Debug|Any CPU
		{5ADBEC0F-141A-4FAD-BC9E-85839B88C5D1}.Debug|iPhone.ActiveCfg = Debug|Any CPU
		{5ADBEC0F-141A-4FAD-BC9E-85839B88C5D1}.Debug|iPhone.Build.0 = Debug|Any CPU
		{5ADBEC0F-141A-4FAD-BC9E-85839B88C5D1}.Debug|iPhone.Deploy.0 = Debug|Any CPU
		{5ADBEC0F-141A-4FAD-BC9E-85839B88C5D1}.Debug|iPhoneSimulator.ActiveCfg = Debug|Any CPU
		{5ADBEC0F-141A-4FAD-BC9E-85839B88C5D1}.Debug|iPhoneSimulator.Build.0 = Debug|Any CPU
		{5ADBEC0F-141A-4FAD-BC9E-85839B88C5D1}.Debug|iPhoneSimulator.Deploy.0 = Debug|Any CPU
		{5ADBEC0F-141A-4FAD-BC9E-85839B88C5D1}.Debug|x64.ActiveCfg = Debug|Any CPU
		{5ADBEC0F-141A-4FAD-BC9E-85839B88C5D1}.Debug|x64.Build.0 = Debug|Any CPU
		{5ADBEC0F-141A-4FAD-BC9E-85839B88C5D1}.Debug|x64.Deploy.0 = Debug|Any CPU
		{5ADBEC0F-141A-4FAD-BC9E-85839B88C5D1}.Debug|x86.ActiveCfg = Debug|Any CPU
		{5ADBEC0F-141A-4FAD-BC9E-85839B88C5D1}.Debug|x86.Build.0 = Debug|Any CPU
		{5ADBEC0F-141A-4FAD-BC9E-85839B88C5D1}.Debug|x86.Deploy.0 = Debug|Any CPU
		{5ADBEC0F-141A-4FAD-BC9E-85839B88C5D1}.Release|Any CPU.ActiveCfg = Release|Any CPU
		{5ADBEC0F-141A-4FAD-BC9E-85839B88C5D1}.Release|Any CPU.Build.0 = Release|Any CPU
		{5ADBEC0F-141A-4FAD-BC9E-85839B88C5D1}.Release|Any CPU.Deploy.0 = Release|Any CPU
		{5ADBEC0F-141A-4FAD-BC9E-85839B88C5D1}.Release|ARM.ActiveCfg = Release|Any CPU
		{5ADBEC0F-141A-4FAD-BC9E-85839B88C5D1}.Release|ARM.Build.0 = Release|Any CPU
		{5ADBEC0F-141A-4FAD-BC9E-85839B88C5D1}.Release|ARM.Deploy.0 = Release|Any CPU
		{5ADBEC0F-141A-4FAD-BC9E-85839B88C5D1}.Release|iPhone.ActiveCfg = Release|Any CPU
		{5ADBEC0F-141A-4FAD-BC9E-85839B88C5D1}.Release|iPhone.Build.0 = Release|Any CPU
		{5ADBEC0F-141A-4FAD-BC9E-85839B88C5D1}.Release|iPhone.Deploy.0 = Release|Any CPU
		{5ADBEC0F-141A-4FAD-BC9E-85839B88C5D1}.Release|iPhoneSimulator.ActiveCfg = Release|Any CPU
		{5ADBEC0F-141A-4FAD-BC9E-85839B88C5D1}.Release|iPhoneSimulator.Build.0 = Release|Any CPU
		{5ADBEC0F-141A-4FAD-BC9E-85839B88C5D1}.Release|iPhoneSimulator.Deploy.0 = Release|Any CPU
		{5ADBEC0F-141A-4FAD-BC9E-85839B88C5D1}.Release|x64.ActiveCfg = Release|Any CPU
		{5ADBEC0F-141A-4FAD-BC9E-85839B88C5D1}.Release|x64.Build.0 = Release|Any CPU
		{5ADBEC0F-141A-4FAD-BC9E-85839B88C5D1}.Release|x64.Deploy.0 = Release|Any CPU
		{5ADBEC0F-141A-4FAD-BC9E-85839B88C5D1}.Release|x86.ActiveCfg = Release|Any CPU
		{5ADBEC0F-141A-4FAD-BC9E-85839B88C5D1}.Release|x86.Build.0 = Release|Any CPU
		{5ADBEC0F-141A-4FAD-BC9E-85839B88C5D1}.Release|x86.Deploy.0 = Release|Any CPU
	EndGlobalSection
	GlobalSection(SolutionProperties) = preSolution
		HideSolutionNode = FALSE
	EndGlobalSection
	GlobalSection(ExtensibilityGlobals) = postSolution
		SolutionGuid = {23D46546-6DA0-4A8B-A5BB-AEDA3C4E96A3}
	EndGlobalSection
EndGlobal
